{
  "name": "Applyd",
  "lockfileVersion": 3,
  "requires": true,
  "packages": {
    "": {
      "dependencies": {
        "framer-motion": "^11.2.14"
      }
    },
    "node_modules/framer-motion": {
      "version": "11.2.14",
      "resolved": "https://registry.npmjs.org/framer-motion/-/framer-motion-11.2.14.tgz",
      "integrity": "sha512-0Nwg++Jymj4Yn7LFKH/nKuGrgVZTEIgIbLjl+LBBFBEzNd4rX+n3z/doqjEbvjk1xcmsim9h7du2+LTYdQTULw==",
      "dependencies": {
        "tslib": "^2.4.0"
      },
      "peerDependencies": {
        "@emotion/is-prop-valid": "*",
        "react": "^18.0.0",
        "react-dom": "^18.0.0"
      },
      "peerDependenciesMeta": {
        "@emotion/is-prop-valid": {
          "optional": true
        },
        "react": {
          "optional": true
        },
        "react-dom": {
          "optional": true
        }
      }
    },
    "node_modules/tslib": {
      "version": "2.6.3",
      "resolved": "https://registry.npmjs.org/tslib/-/tslib-2.6.3.tgz",
      "integrity": "sha512-xNvxJEOUiWPGhUuUdQgAJPKOOJfGnIyKySOc09XkKsgdUV/3E2zvwZYdejjmRgPCgcym1juLH3226yA7sEFJKQ=="
    }
  }
}
